
Microsoft Visual Studio Solution File, Format Version 12.00
# Visual Studio Version 17
VisualStudioVersion = 17.3.32825.248
MinimumVisualStudioVersion = 10.0.40219.1
Project("{FAE04EC0-301F-11D3-BF4B-00C04F79EFBC}") = "ReproductorMultimedia", "ReproductorMultimedia.csproj", "{0E54E82A-873D-433A-80B8-F935030F2795}"
EndProject
Project("{FAE04EC0-301F-11D3-BF4B-00C04F79EFBC}") = "ReproductorMultimedia3", "..\ReproductorMultimedia3\ReproductorMultimedia3.csproj", "{08D65A8F-2F53-4BC7-9A67-68E6E6F6408A}"
EndProject
Global
	GlobalSection(SolutionConfigurationPlatforms) = preSolution
		Debug|Any CPU = Debug|Any CPU
		Release|Any CPU = Release|Any CPU
	EndGlobalSection
	GlobalSection(ProjectConfigurationPlatforms) = postSolution
		{0E54E82A-873D-433A-80B8-F935030F2795}.Debug|Any CPU.ActiveCfg = Debug|Any CPU
		{0E54E82A-873D-433A-80B8-F935030F2795}.Debug|Any CPU.Build.0 = Debug|Any CPU
		{0E54E82A-873D-433A-80B8-F935030F2795}.Release|Any CPU.ActiveCfg = Release|Any CPU
		{0E54E82A-873D-433A-80B8-F935030F2795}.Release|Any CPU.Build.0 = Release|Any CPU
		{08D65A8F-2F53-4BC7-9A67-68E6E6F6408A}.Debug|Any CPU.ActiveCfg = Debug|Any CPU
		{08D65A8F-2F53-4BC7-9A67-68E6E6F6408A}.Debug|Any CPU.Build.0 = Debug|Any CPU
		{08D65A8F-2F53-4BC7-9A67-68E6E6F6408A}.Release|Any CPU.ActiveCfg = Release|Any CPU
		{08D65A8F-2F53-4BC7-9A67-68E6E6F6408A}.Release|Any CPU.Build.0 = Release|Any CPU
	EndGlobalSection
	GlobalSection(SolutionProperties) = preSolution
		HideSolutionNode = FALSE
	EndGlobalSection
	GlobalSection(ExtensibilityGlobals) = postSolution
		SolutionGuid = {C5DF8356-E988-43D8-887F-FA3ECF334862}
	EndGlobalSection
EndGlobal
